
Microsoft Visual Studio Solution File, Format Version 12.00
# Visual Studio 15
VisualStudioVersion = 15.0.28307.329
MinimumVisualStudioVersion = 10.0.40219.1
Project("{FAE04EC0-301F-11D3-BF4B-00C04F79EFBC}") = "SnippetManager", "SnippetManager\SnippetManager.csproj", "{1536F34C-095D-4E35-85B6-E60DA849E0D2}"
EndProject
Global
	GlobalSection(SolutionConfigurationPlatforms) = preSolution
		Debug|Any CPU = Debug|Any CPU
		Release|Any CPU = Release|Any CPU
	EndGlobalSection
	GlobalSection(ProjectConfigurationPlatforms) = postSolution
		{1536F34C-095D-4E35-85B6-E60DA849E0D2}.Debug|Any CPU.ActiveCfg = Debug|Any CPU
		{1536F34C-095D-4E35-85B6-E60DA849E0D2}.Debug|Any CPU.Build.0 = Debug|Any CPU
		{1536F34C-095D-4E35-85B6-E60DA849E0D2}.Release|Any CPU.ActiveCfg = Release|Any CPU
		{1536F34C-095D-4E35-85B6-E60DA849E0D2}.Release|Any CPU.Build.0 = Release|Any CPU
	EndGlobalSection
	GlobalSection(SolutionProperties) = preSolution
		HideSolutionNode = FALSE
	EndGlobalSection
	GlobalSection(ExtensibilityGlobals) = postSolution
		SolutionGuid = {757B74C0-102F-4BFA-9AE9-A5C63C1B5704}
	EndGlobalSection
EndGlobal
